{
  "name": "open-bounty-radar",
  "version": "0.1.0",
  "lockfileVersion": 3,
  "requires": true,
  "packages": {
    "": {
      "name": "open-bounty-radar",
      "version": "0.1.0",
      "license": "MIT",
      "dependencies": {
        "undici": "^8.3.0"
      },
      "bin": {
        "open-bounty-radar": "bin/open-bounty-radar.js"
      },
      "engines": {
        "node": ">=20"
      }
    },
    "node_modules/undici": {
      "version": "8.3.0",
      "resolved": "https://registry.npmjs.org/undici/-/undici-8.3.0.tgz",
      "integrity": "sha512-TkUDgb6tl7KOGZ+7e8E3d2FYgUQgF6z5YypqjWmixVQSQERFcVrVg0ySADm2LVLRh5ljAaHTCR5Fmz3Q34rB7Q==",
      "license": "MIT",
      "engines": {
        "node": ">=22.19.0"
      }
    }
  }
}
