{
  "name": "open-bounty-radar",
  "version": "0.1.0",
  "lockfileVersion": 3,
  "requires": true,
  "packages": {
    "": {
      "name": "open-bounty-radar",
      "version": "0.1.0",
      "license": "MIT",
      "bin": {
        "open-bounty-radar": "bin/open-bounty-radar.js"
      },
      "engines": {
        "node": ">=20"
      }
    }
  }
}
